// !$*UTF8*$!
{
	archiveVersion = 1;
	classes = {
	};
	objectVersion = 46;
	objects = {

/* Begin PBXBuildFile section */
		125BA86F1A2B46500009E089 /* AppDelegate.swift in Sources */ = {isa = PBXBuildFile; fileRef = 125BA86E1A2B46500009E089 /* AppDelegate.swift */; };
		125BA8721A2B46500009E089 /* DJ_Bot.xcdatamodeld in Sources */ = {isa = PBXBuildFile; fileRef = 125BA8701A2B46500009E089 /* DJ_Bot.xcdatamodeld */; };
		125BA8771A2B46500009E089 /* Main.storyboard in Resources */ = {isa = PBXBuildFile; fileRef = 125BA8751A2B46500009E089 /* Main.storyboard */; };
		125BA8791A2B46500009E089 /* Images.xcassets in Resources */ = {isa = PBXBuildFile; fileRef = 125BA8781A2B46500009E089 /* Images.xcassets */; };
		125BA87C1A2B46500009E089 /* LaunchScreen.xib in Resources */ = {isa = PBXBuildFile; fileRef = 125BA87A1A2B46500009E089 /* LaunchScreen.xib */; };
		125BA8881A2B46500009E089 /* DJ_BotTests.swift in Sources */ = {isa = PBXBuildFile; fileRef = 125BA8871A2B46500009E089 /* DJ_BotTests.swift */; };
		125BA8951A2B472F0009E089 /* CalendarViewController.swift in Sources */ = {isa = PBXBuildFile; fileRef = 125BA8941A2B472F0009E089 /* CalendarViewController.swift */; };
		125BA8981A2B4B6D0009E089 /* GenresViewController.swift in Sources */ = {isa = PBXBuildFile; fileRef = 125BA8971A2B4B6D0009E089 /* GenresViewController.swift */; };
		125BA89B1A2B4D470009E089 /* BotDay.swift in Sources */ = {isa = PBXBuildFile; fileRef = 125BA89A1A2B4D470009E089 /* BotDay.swift */; };
		125BA89D1A2B4D500009E089 /* BotPlaylist.swift in Sources */ = {isa = PBXBuildFile; fileRef = 125BA89C1A2B4D500009E089 /* BotPlaylist.swift */; };
		125BA89F1A2B4D5C0009E089 /* BotTrack.swift in Sources */ = {isa = PBXBuildFile; fileRef = 125BA89E1A2B4D5C0009E089 /* BotTrack.swift */; };
		125BA8A31A2B51620009E089 /* StringExtension.swift in Sources */ = {isa = PBXBuildFile; fileRef = 125BA8A21A2B51620009E089 /* StringExtension.swift */; };
		125BA8A51A2B54CC0009E089 /* DateExtension.swift in Sources */ = {isa = PBXBuildFile; fileRef = 125BA8A41A2B54CC0009E089 /* DateExtension.swift */; };
		125BA8A81A2BAB920009E089 /* PlaylistViewController.swift in Sources */ = {isa = PBXBuildFile; fileRef = 125BA8A71A2BAB920009E089 /* PlaylistViewController.swift */; };
/* End PBXBuildFile section */

/* Begin PBXContainerItemProxy section */
		125BA8821A2B46500009E089 /* PBXContainerItemProxy */ = {
			isa = PBXContainerItemProxy;
			containerPortal = 125BA8611A2B46500009E089 /* Project object */;
			proxyType = 1;
			remoteGlobalIDString = 125BA8681A2B46500009E089;
			remoteInfo = "DJ Bot";
		};
/* End PBXContainerItemProxy section */

/* Begin PBXCopyFilesBuildPhase section */
		125BA8CA1A2BB2530009E089 /* Embed Frameworks */ = {
			isa = PBXCopyFilesBuildPhase;
			buildActionMask = 2147483647;
			dstPath = "";
			dstSubfolderSpec = 10;
			files = (
			);
			name = "Embed Frameworks";
			runOnlyForDeploymentPostprocessing = 0;
		};
/* End PBXCopyFilesBuildPhase section */

/* Begin PBXFileReference section */
		125BA8691A2B46500009E089 /* DJ Bot.app */ = {isa = PBXFileReference; explicitFileType = wrapper.application; includeInIndex = 0; path = "DJ Bot.app"; sourceTree = BUILT_PRODUCTS_DIR; };
		125BA86D1A2B46500009E089 /* Info.plist */ = {isa = PBXFileReference; lastKnownFileType = text.plist.xml; path = Info.plist; sourceTree = "<group>"; };
		125BA86E1A2B46500009E089 /* AppDelegate.swift */ = {isa = PBXFileReference; lastKnownFileType = sourcecode.swift; path = AppDelegate.swift; sourceTree = "<group>"; };
		125BA8711A2B46500009E089 /* DJ_Bot.xcdatamodel */ = {isa = PBXFileReference; lastKnownFileType = wrapper.xcdatamodel; path = DJ_Bot.xcdatamodel; sourceTree = "<group>"; };
		125BA8761A2B46500009E089 /* Base */ = {isa = PBXFileReference; lastKnownFileType = file.storyboard; name = Base; path = Base.lproj/Main.storyboard; sourceTree = "<group>"; };
		125BA8781A2B46500009E089 /* Images.xcassets */ = {isa = PBXFileReference; lastKnownFileType = folder.assetcatalog; path = Images.xcassets; sourceTree = "<group>"; };
		125BA87B1A2B46500009E089 /* Base */ = {isa = PBXFileReference; lastKnownFileType = file.xib; name = Base; path = Base.lproj/LaunchScreen.xib; sourceTree = "<group>"; };
		125BA8811A2B46500009E089 /* DJ BotTests.xctest */ = {isa = PBXFileReference; explicitFileType = wrapper.cfbundle; includeInIndex = 0; path = "DJ BotTests.xctest"; sourceTree = BUILT_PRODUCTS_DIR; };
		125BA8861A2B46500009E089 /* Info.plist */ = {isa = PBXFileReference; lastKnownFileType = text.plist.xml; path = Info.plist; sourceTree = "<group>"; };
		125BA8871A2B46500009E089 /* DJ_BotTests.swift */ = {isa = PBXFileReference; lastKnownFileType = sourcecode.swift; path = DJ_BotTests.swift; sourceTree = "<group>"; };
		125BA8941A2B472F0009E089 /* CalendarViewController.swift */ = {isa = PBXFileReference; fileEncoding = 4; lastKnownFileType = sourcecode.swift; path = CalendarViewController.swift; sourceTree = "<group>"; };
		125BA8971A2B4B6D0009E089 /* GenresViewController.swift */ = {isa = PBXFileReference; fileEncoding = 4; lastKnownFileType = sourcecode.swift; path = GenresViewController.swift; sourceTree = "<group>"; };
		125BA89A1A2B4D470009E089 /* BotDay.swift */ = {isa = PBXFileReference; fileEncoding = 4; lastKnownFileType = sourcecode.swift; path = BotDay.swift; sourceTree = "<group>"; };
		125BA89C1A2B4D500009E089 /* BotPlaylist.swift */ = {isa = PBXFileReference; fileEncoding = 4; lastKnownFileType = sourcecode.swift; path = BotPlaylist.swift; sourceTree = "<group>"; };
		125BA89E1A2B4D5C0009E089 /* BotTrack.swift */ = {isa = PBXFileReference; fileEncoding = 4; lastKnownFileType = sourcecode.swift; path = BotTrack.swift; sourceTree = "<group>"; };
		125BA8A21A2B51620009E089 /* StringExtension.swift */ = {isa = PBXFileReference; fileEncoding = 4; lastKnownFileType = sourcecode.swift; path = StringExtension.swift; sourceTree = "<group>"; };
		125BA8A41A2B54CC0009E089 /* DateExtension.swift */ = {isa = PBXFileReference; fileEncoding = 4; lastKnownFileType = sourcecode.swift; path = DateExtension.swift; sourceTree = "<group>"; };
		125BA8A71A2BAB920009E089 /* PlaylistViewController.swift */ = {isa = PBXFileReference; fileEncoding = 4; lastKnownFileType = sourcecode.swift; path = PlaylistViewController.swift; sourceTree = "<group>"; };
/* End PBXFileReference section */

/* Begin PBXFrameworksBuildPhase section */
		125BA8661A2B46500009E089 /* Frameworks */ = {
			isa = PBXFrameworksBuildPhase;
			buildActionMask = 2147483647;
			files = (
			);
			runOnlyForDeploymentPostprocessing = 0;
		};
		125BA87E1A2B46500009E089 /* Frameworks */ = {
			isa = PBXFrameworksBuildPhase;
			buildActionMask = 2147483647;
			files = (
			);
			runOnlyForDeploymentPostprocessing = 0;
		};
/* End PBXFrameworksBuildPhase section */

/* Begin PBXGroup section */
		125BA8601A2B46500009E089 = {
			isa = PBXGroup;
			children = (
				125BA86B1A2B46500009E089 /* DJ Bot */,
				125BA8841A2B46500009E089 /* DJ BotTests */,
				125BA86A1A2B46500009E089 /* Products */,
			);
			sourceTree = "<group>";
		};
		125BA86A1A2B46500009E089 /* Products */ = {
			isa = PBXGroup;
			children = (
				125BA8691A2B46500009E089 /* DJ Bot.app */,
				125BA8811A2B46500009E089 /* DJ BotTests.xctest */,
			);
			name = Products;
			sourceTree = "<group>";
		};
		125BA86B1A2B46500009E089 /* DJ Bot */ = {
			isa = PBXGroup;
			children = (
				125BA8A01A2B505B0009E089 /* Utils */,
				125BA8991A2B4B930009E089 /* Setup */,
				125BA8921A2B46DA0009E089 /* Model */,
				125BA8911A2B46D30009E089 /* View */,
				125BA8751A2B46500009E089 /* Main.storyboard */,
				125BA86C1A2B46500009E089 /* Supporting Files */,
			);
			path = "DJ Bot";
			sourceTree = "<group>";
		};
		125BA86C1A2B46500009E089 /* Supporting Files */ = {
			isa = PBXGroup;
			children = (
				125BA86D1A2B46500009E089 /* Info.plist */,
			);
			name = "Supporting Files";
			sourceTree = "<group>";
		};
		125BA8841A2B46500009E089 /* DJ BotTests */ = {
			isa = PBXGroup;
			children = (
				125BA8871A2B46500009E089 /* DJ_BotTests.swift */,
				125BA8851A2B46500009E089 /* Supporting Files */,
			);
			path = "DJ BotTests";
			sourceTree = "<group>";
		};
		125BA8851A2B46500009E089 /* Supporting Files */ = {
			isa = PBXGroup;
			children = (
				125BA8861A2B46500009E089 /* Info.plist */,
			);
			name = "Supporting Files";
			sourceTree = "<group>";
		};
		125BA8911A2B46D30009E089 /* View */ = {
			isa = PBXGroup;
			children = (
				125BA8A61A2BAB7D0009E089 /* Playlist */,
				125BA8961A2B4B5A0009E089 /* Genres */,
				125BA8931A2B46E40009E089 /* Calendar */,
			);
			name = View;
			sourceTree = "<group>";
		};
		125BA8921A2B46DA0009E089 /* Model */ = {
			isa = PBXGroup;
			children = (
				125BA8701A2B46500009E089 /* DJ_Bot.xcdatamodeld */,
				125BA89A1A2B4D470009E089 /* BotDay.swift */,
				125BA89C1A2B4D500009E089 /* BotPlaylist.swift */,
				125BA89E1A2B4D5C0009E089 /* BotTrack.swift */,
			);
			name = Model;
			sourceTree = "<group>";
		};
		125BA8931A2B46E40009E089 /* Calendar */ = {
			isa = PBXGroup;
			children = (
				125BA8941A2B472F0009E089 /* CalendarViewController.swift */,
			);
			name = Calendar;
			sourceTree = "<group>";
		};
		125BA8961A2B4B5A0009E089 /* Genres */ = {
			isa = PBXGroup;
			children = (
				125BA8971A2B4B6D0009E089 /* GenresViewController.swift */,
			);
			name = Genres;
			sourceTree = "<group>";
		};
		125BA8991A2B4B930009E089 /* Setup */ = {
			isa = PBXGroup;
			children = (
				125BA86E1A2B46500009E089 /* AppDelegate.swift */,
				125BA8781A2B46500009E089 /* Images.xcassets */,
				125BA87A1A2B46500009E089 /* LaunchScreen.xib */,
			);
			name = Setup;
			sourceTree = "<group>";
		};
		125BA8A01A2B505B0009E089 /* Utils */ = {
			isa = PBXGroup;
			children = (
				125BA8A11A2B51320009E089 /* Extensions */,
			);
			name = Utils;
			sourceTree = "<group>";
		};
		125BA8A11A2B51320009E089 /* Extensions */ = {
			isa = PBXGroup;
			children = (
				125BA8A21A2B51620009E089 /* StringExtension.swift */,
				125BA8A41A2B54CC0009E089 /* DateExtension.swift */,
			);
			name = Extensions;
			sourceTree = "<group>";
		};
		125BA8A61A2BAB7D0009E089 /* Playlist */ = {
			isa = PBXGroup;
			children = (
				125BA8A71A2BAB920009E089 /* PlaylistViewController.swift */,
			);
			name = Playlist;
			sourceTree = "<group>";
		};
/* End PBXGroup section */

/* Begin PBXNativeTarget section */
		125BA8681A2B46500009E089 /* DJ Bot */ = {
			isa = PBXNativeTarget;
			buildConfigurationList = 125BA88B1A2B46500009E089 /* Build configuration list for PBXNativeTarget "DJ Bot" */;
			buildPhases = (
				125BA8651A2B46500009E089 /* Sources */,
				125BA8661A2B46500009E089 /* Frameworks */,
				125BA8671A2B46500009E089 /* Resources */,
				125BA8CA1A2BB2530009E089 /* Embed Frameworks */,
			);
			buildRules = (
			);
			dependencies = (
			);
			name = "DJ Bot";
			productName = "DJ Bot";
			productReference = 125BA8691A2B46500009E089 /* DJ Bot.app */;
			productType = "com.apple.product-type.application";
		};
		125BA8801A2B46500009E089 /* DJ BotTests */ = {
			isa = PBXNativeTarget;
			buildConfigurationList = 125BA88E1A2B46500009E089 /* Build configuration list for PBXNativeTarget "DJ BotTests" */;
			buildPhases = (
				125BA87D1A2B46500009E089 /* Sources */,
				125BA87E1A2B46500009E089 /* Frameworks */,
				125BA87F1A2B46500009E089 /* Resources */,
			);
			buildRules = (
			);
			dependencies = (
				125BA8831A2B46500009E089 /* PBXTargetDependency */,
			);
			name = "DJ BotTests";
			productName = "DJ BotTests";
			productReference = 125BA8811A2B46500009E089 /* DJ BotTests.xctest */;
			productType = "com.apple.product-type.bundle.unit-test";
		};
/* End PBXNativeTarget section */

/* Begin PBXProject section */
		125BA8611A2B46500009E089 /* Project object */ = {
			isa = PBXProject;
			attributes = {
				LastUpgradeCheck = 0610;
				ORGANIZATIONNAME = JTMS;
				TargetAttributes = {
					125BA8681A2B46500009E089 = {
						CreatedOnToolsVersion = 6.1;
					};
					125BA8801A2B46500009E089 = {
						CreatedOnToolsVersion = 6.1;
						TestTargetID = 125BA8681A2B46500009E089;
					};
				};
			};
			buildConfigurationList = 125BA8641A2B46500009E089 /* Build configuration list for PBXProject "DJ Bot" */;
			compatibilityVersion = "Xcode 3.2";
			developmentRegion = English;
			hasScannedForEncodings = 0;
			knownRegions = (
				en,
				Base,
			);
			mainGroup = 125BA8601A2B46500009E089;
			productRefGroup = 125BA86A1A2B46500009E089 /* Products */;
			projectDirPath = "";
			projectRoot = "";
			targets = (
				125BA8681A2B46500009E089 /* DJ Bot */,
				125BA8801A2B46500009E089 /* DJ BotTests */,
			);
		};
/* End PBXProject section */

/* Begin PBXResourcesBuildPhase section */
		125BA8671A2B46500009E089 /* Resources */ = {
			isa = PBXResourcesBuildPhase;
			buildActionMask = 2147483647;
			files = (
				125BA8771A2B46500009E089 /* Main.storyboard in Resources */,
				125BA87C1A2B46500009E089 /* LaunchScreen.xib in Resources */,
				125BA8791A2B46500009E089 /* Images.xcassets in Resources */,
			);
			runOnlyForDeploymentPostprocessing = 0;
		};
		125BA87F1A2B46500009E089 /* Resources */ = {
			isa = PBXResourcesBuildPhase;
			buildActionMask = 2147483647;
			files = (
			);
			runOnlyForDeploymentPostprocessing = 0;
		};
/* End PBXResourcesBuildPhase section */

/* Begin PBXSourcesBuildPhase section */
		125BA8651A2B46500009E089 /* Sources */ = {
			isa = PBXSourcesBuildPhase;
			buildActionMask = 2147483647;
			files = (
				125BA89F1A2B4D5C0009E089 /* BotTrack.swift in Sources */,
				125BA8A31A2B51620009E089 /* StringExtension.swift in Sources */,
				125BA8981A2B4B6D0009E089 /* GenresViewController.swift in Sources */,
				125BA89D1A2B4D500009E089 /* BotPlaylist.swift in Sources */,
				125BA8A51A2B54CC0009E089 /* DateExtension.swift in Sources */,
				125BA8951A2B472F0009E089 /* CalendarViewController.swift in Sources */,
				125BA8A81A2BAB920009E089 /* PlaylistViewController.swift in Sources */,
				125BA86F1A2B46500009E089 /* AppDelegate.swift in Sources */,
				125BA8721A2B46500009E089 /* DJ_Bot.xcdatamodeld in Sources */,
				125BA89B1A2B4D470009E089 /* BotDay.swift in Sources */,
			);
			runOnlyForDeploymentPostprocessing = 0;
		};
		125BA87D1A2B46500009E089 /* Sources */ = {
			isa = PBXSourcesBuildPhase;
			buildActionMask = 2147483647;
			files = (
				125BA8881A2B46500009E089 /* DJ_BotTests.swift in Sources */,
			);
			runOnlyForDeploymentPostprocessing = 0;
		};
/* End PBXSourcesBuildPhase section */

/* Begin PBXTargetDependency section */
		125BA8831A2B46500009E089 /* PBXTargetDependency */ = {
			isa = PBXTargetDependency;
			target = 125BA8681A2B46500009E089 /* DJ Bot */;
			targetProxy = 125BA8821A2B46500009E089 /* PBXContainerItemProxy */;
		};
/* End PBXTargetDependency section */

/* Begin PBXVariantGroup section */
		125BA8751A2B46500009E089 /* Main.storyboard */ = {
			isa = PBXVariantGroup;
			children = (
				125BA8761A2B46500009E089 /* Base */,
			);
			name = Main.storyboard;
			sourceTree = "<group>";
		};
		125BA87A1A2B46500009E089 /* LaunchScreen.xib */ = {
			isa = PBXVariantGroup;
			children = (
				125BA87B1A2B46500009E089 /* Base */,
			);
			name = LaunchScreen.xib;
			sourceTree = "<group>";
		};
/* End PBXVariantGroup section */

/* Begin XCBuildConfiguration section */
		125BA8891A2B46500009E089 /* Debug */ = {
			isa = XCBuildConfiguration;
			buildSettings = {
				ALWAYS_SEARCH_USER_PATHS = NO;
				CLANG_CXX_LANGUAGE_STANDARD = "gnu++0x";
				CLANG_CXX_LIBRARY = "libc++";
				CLANG_ENABLE_MODULES = YES;
				CLANG_ENABLE_OBJC_ARC = YES;
				CLANG_WARN_BOOL_CONVERSION = YES;
				CLANG_WARN_CONSTANT_CONVERSION = YES;
				CLANG_WARN_DIRECT_OBJC_ISA_USAGE = YES_ERROR;
				CLANG_WARN_EMPTY_BODY = YES;
				CLANG_WARN_ENUM_CONVERSION = YES;
				CLANG_WARN_INT_CONVERSION = YES;
				CLANG_WARN_OBJC_ROOT_CLASS = YES_ERROR;
				CLANG_WARN_UNREACHABLE_CODE = YES;
				CLANG_WARN__DUPLICATE_METHOD_MATCH = YES;
				"CODE_SIGN_IDENTITY[sdk=iphoneos*]" = "iPhone Developer";
				COPY_PHASE_STRIP = NO;
				ENABLE_STRICT_OBJC_MSGSEND = YES;
				GCC_C_LANGUAGE_STANDARD = gnu99;
				GCC_DYNAMIC_NO_PIC = NO;
				GCC_OPTIMIZATION_LEVEL = 0;
				GCC_PREPROCESSOR_DEFINITIONS = (
					"DEBUG=1",
					"$(inherited)",
				);
				GCC_SYMBOLS_PRIVATE_EXTERN = NO;
				GCC_WARN_64_TO_32_BIT_CONVERSION = YES;
				GCC_WARN_ABOUT_RETURN_TYPE = YES_ERROR;
				GCC_WARN_UNDECLARED_SELECTOR = YES;
				GCC_WARN_UNINITIALIZED_AUTOS = YES_AGGRESSIVE;
				GCC_WARN_UNUSED_FUNCTION = YES;
				GCC_WARN_UNUSED_VARIABLE = YES;
				IPHONEOS_DEPLOYMENT_TARGET = 8.1;
				MTL_ENABLE_DEBUG_INFO = YES;
				ONLY_ACTIVE_ARCH = YES;
				SDKROOT = iphoneos;
				SWIFT_OPTIMIZATION_LEVEL = "-Onone";
			};
			name = Debug;
		};
		125BA88A1A2B46500009E089 /* Release */ = {
			isa = XCBuildConfiguration;
			buildSettings = {
				ALWAYS_SEARCH_USER_PATHS = NO;
				CLANG_CXX_LANGUAGE_STANDARD = "gnu++0x";
				CLANG_CXX_LIBRARY = "libc++";
				CLANG_ENABLE_MODULES = YES;
				CLANG_ENABLE_OBJC_ARC = YES;
				CLANG_WARN_BOOL_CONVERSION = YES;
				CLANG_WARN_CONSTANT_CONVERSION = YES;
				CLANG_WARN_DIRECT_OBJC_ISA_USAGE = YES_ERROR;
				CLANG_WARN_EMPTY_BODY = YES;
				CLANG_WARN_ENUM_CONVERSION = YES;
				CLANG_WARN_INT_CONVERSION = YES;
				CLANG_WARN_OBJC_ROOT_CLASS = YES_ERROR;
				CLANG_WARN_UNREACHABLE_CODE = YES;
				CLANG_WARN__DUPLICATE_METHOD_MATCH = YES;
				"CODE_SIGN_IDENTITY[sdk=iphoneos*]" = "iPhone Developer";
				COPY_PHASE_STRIP = YES;
				ENABLE_NS_ASSERTIONS = NO;
				ENABLE_STRICT_OBJC_MSGSEND = YES;
				GCC_C_LANGUAGE_STANDARD = gnu99;
				GCC_WARN_64_TO_32_BIT_CONVERSION = YES;
				GCC_WARN_ABOUT_RETURN_TYPE = YES_ERROR;
				GCC_WARN_UNDECLARED_SELECTOR = YES;
				GCC_WARN_UNINITIALIZED_AUTOS = YES_AGGRESSIVE;
				GCC_WARN_UNUSED_FUNCTION = YES;
				GCC_WARN_UNUSED_VARIABLE = YES;
				IPHONEOS_DEPLOYMENT_TARGET = 8.1;
				MTL_ENABLE_DEBUG_INFO = NO;
				SDKROOT = iphoneos;
				VALIDATE_PRODUCT = YES;
			};
			name = Release;
		};
		125BA88C1A2B46500009E089 /* Debug */ = {
			isa = XCBuildConfiguration;
			buildSettings = {
				ASSETCATALOG_COMPILER_APPICON_NAME = AppIcon;
				INFOPLIST_FILE = "DJ Bot/Info.plist";
				LD_RUNPATH_SEARCH_PATHS = "$(inherited) @executable_path/Frameworks";
				PRODUCT_NAME = "$(TARGET_NAME)";
			};
			name = Debug;
		};
		125BA88D1A2B46500009E089 /* Release */ = {
			isa = XCBuildConfiguration;
			buildSettings = {
				ASSETCATALOG_COMPILER_APPICON_NAME = AppIcon;
				INFOPLIST_FILE = "DJ Bot/Info.plist";
				LD_RUNPATH_SEARCH_PATHS = "$(inherited) @executable_path/Frameworks";
				PRODUCT_NAME = "$(TARGET_NAME)";
			};
			name = Release;
		};
		125BA88F1A2B46500009E089 /* Debug */ = {
			isa = XCBuildConfiguration;
			buildSettings = {
				BUNDLE_LOADER = "$(TEST_HOST)";
				FRAMEWORK_SEARCH_PATHS = (
					"$(SDKROOT)/Developer/Library/Frameworks",
					"$(inherited)",
				);
				GCC_PREPROCESSOR_DEFINITIONS = (
					"DEBUG=1",
					"$(inherited)",
				);
				INFOPLIST_FILE = "DJ BotTests/Info.plist";
				LD_RUNPATH_SEARCH_PATHS = "$(inherited) @executable_path/Frameworks @loader_path/Frameworks";
				PRODUCT_NAME = "$(TARGET_NAME)";
				TEST_HOST = "$(BUILT_PRODUCTS_DIR)/DJ Bot.app/DJ Bot";
			};
			name = Debug;
		};
		125BA8901A2B46500009E089 /* Release */ = {
			isa = XCBuildConfiguration;
			buildSettings = {
				BUNDLE_LOADER = "$(TEST_HOST)";
				FRAMEWORK_SEARCH_PATHS = (
					"$(SDKROOT)/Developer/Library/Frameworks",
					"$(inherited)",
				);
				INFOPLIST_FILE = "DJ BotTests/Info.plist";
				LD_RUNPATH_SEARCH_PATHS = "$(inherited) @executable_path/Frameworks @loader_path/Frameworks";
				PRODUCT_NAME = "$(TARGET_NAME)";
				TEST_HOST = "$(BUILT_PRODUCTS_DIR)/DJ Bot.app/DJ Bot";
			};
			name = Release;
		};
/* End XCBuildConfiguration section */

/* Begin XCConfigurationList section */
		125BA8641A2B46500009E089 /* Build configuration list for PBXProject "DJ Bot" */ = {
			isa = XCConfigurationList;
			buildConfigurations = (
				125BA8891A2B46500009E089 /* Debug */,
				125BA88A1A2B46500009E089 /* Release */,
			);
			defaultConfigurationIsVisible = 0;
			defaultConfigurationName = Release;
		};
		125BA88B1A2B46500009E089 /* Build configuration list for PBXNativeTarget "DJ Bot" */ = {
			isa = XCConfigurationList;
			buildConfigurations = (
				125BA88C1A2B46500009E089 /* Debug */,
				125BA88D1A2B46500009E089 /* Release */,
			);
			defaultConfigurationIsVisible = 0;
			defaultConfigurationName = Release;
		};
		125BA88E1A2B46500009E089 /* Build configuration list for PBXNativeTarget "DJ BotTests" */ = {
			isa = XCConfigurationList;
			buildConfigurations = (
				125BA88F1A2B46500009E089 /* Debug */,
				125BA8901A2B46500009E089 /* Release */,
			);
			defaultConfigurationIsVisible = 0;
			defaultConfigurationName = Release;
		};
/* End XCConfigurationList section */

/* Begin XCVersionGroup section */
		125BA8701A2B46500009E089 /* DJ_Bot.xcdatamodeld */ = {
			isa = XCVersionGroup;
			children = (
				125BA8711A2B46500009E089 /* DJ_Bot.xcdatamodel */,
			);
			currentVersion = 125BA8711A2B46500009E089 /* DJ_Bot.xcdatamodel */;
			path = DJ_Bot.xcdatamodeld;
			sourceTree = "<group>";
			versionGroupType = wrapper.xcdatamodel;
		};
/* End XCVersionGroup section */
	};
	rootObject = 125BA8611A2B46500009E089 /* Project object */;
}
