// !$*UTF8*$!
{
	archiveVersion = 1;
	classes = {
	};
	objectVersion = 46;
	objects = {

/* Begin PBXBuildFile section */
		125BA86F1A2B46500009E089 /* AppDelegate.swift in Sources */ = {isa = PBXBuildFile; fileRef = 125BA86E1A2B46500009E089 /* AppDelegate.swift */; };
		125BA8721A2B46500009E089 /* DJ_Bot.xcdatamodeld in Sources */ = {isa = PBXBuildFile; fileRef = 125BA8701A2B46500009E089 /* DJ_Bot.xcdatamodeld */; };
		125BA8771A2B46500009E089 /* Main.storyboard in Resources */ = {isa = PBXBuildFile; fileRef = 125BA8751A2B46500009E089 /* Main.storyboard */; };
		125BA87C1A2B46500009E089 /* LaunchScreen.xib in Resources */ = {isa = PBXBuildFile; fileRef = 125BA87A1A2B46500009E089 /* LaunchScreen.xib */; };
		125BA8881A2B46500009E089 /* DJ_BotTests.swift in Sources */ = {isa = PBXBuildFile; fileRef = 125BA8871A2B46500009E089 /* DJ_BotTests.swift */; };
		125BA8951A2B472F0009E089 /* CalendarViewController.swift in Sources */ = {isa = PBXBuildFile; fileRef = 125BA8941A2B472F0009E089 /* CalendarViewController.swift */; };
		125BA89B1A2B4D470009E089 /* BotDay.swift in Sources */ = {isa = PBXBuildFile; fileRef = 125BA89A1A2B4D470009E089 /* BotDay.swift */; };
		125BA89D1A2B4D500009E089 /* BotPlaylist.swift in Sources */ = {isa = PBXBuildFile; fileRef = 125BA89C1A2B4D500009E089 /* BotPlaylist.swift */; };
		125BA89F1A2B4D5C0009E089 /* BotTrack.swift in Sources */ = {isa = PBXBuildFile; fileRef = 125BA89E1A2B4D5C0009E089 /* BotTrack.swift */; };
		125BA8A31A2B51620009E089 /* StringExtension.swift in Sources */ = {isa = PBXBuildFile; fileRef = 125BA8A21A2B51620009E089 /* StringExtension.swift */; };
		125BA8A51A2B54CC0009E089 /* DateExtension.swift in Sources */ = {isa = PBXBuildFile; fileRef = 125BA8A41A2B54CC0009E089 /* DateExtension.swift */; };
		125BA8A81A2BAB920009E089 /* PlaylistViewController.swift in Sources */ = {isa = PBXBuildFile; fileRef = 125BA8A71A2BAB920009E089 /* PlaylistViewController.swift */; };
		125F294C1A2FC57B00572ACE /* icn_app@2x.png in Resources */ = {isa = PBXBuildFile; fileRef = 125F294A1A2FC57B00572ACE /* icn_app@2x.png */; };
		125F294D1A2FC57B00572ACE /* icn_app@3x.png in Resources */ = {isa = PBXBuildFile; fileRef = 125F294B1A2FC57B00572ACE /* icn_app@3x.png */; };
		127C56271A2C4F7600537018 /* TodayCell.swift in Sources */ = {isa = PBXBuildFile; fileRef = 127C56261A2C4F7600537018 /* TodayCell.swift */; };
		127C56291A2C4FBE00537018 /* DayCell.swift in Sources */ = {isa = PBXBuildFile; fileRef = 127C56281A2C4FBE00537018 /* DayCell.swift */; };
		12B5322F1A33B6AB0084B472 /* icn_pause.png in Resources */ = {isa = PBXBuildFile; fileRef = 12B532291A33B6AA0084B472 /* icn_pause.png */; };
		12B532301A33B6AB0084B472 /* icn_pause@2x.png in Resources */ = {isa = PBXBuildFile; fileRef = 12B5322A1A33B6AA0084B472 /* icn_pause@2x.png */; };
		12B532311A33B6AB0084B472 /* icn_pause@3x.png in Resources */ = {isa = PBXBuildFile; fileRef = 12B5322B1A33B6AA0084B472 /* icn_pause@3x.png */; };
		12B532321A33B6AB0084B472 /* icn_play.png in Resources */ = {isa = PBXBuildFile; fileRef = 12B5322C1A33B6AA0084B472 /* icn_play.png */; };
		12B532331A33B6AB0084B472 /* icn_play@2x.png in Resources */ = {isa = PBXBuildFile; fileRef = 12B5322D1A33B6AA0084B472 /* icn_play@2x.png */; };
		12B532341A33B6AB0084B472 /* icn_play@3x.png in Resources */ = {isa = PBXBuildFile; fileRef = 12B5322E1A33B6AA0084B472 /* icn_play@3x.png */; };
		12C274F71A2D03B4003A6D7B /* MusicPlayerBar.swift in Sources */ = {isa = PBXBuildFile; fileRef = 12C274F61A2D03B4003A6D7B /* MusicPlayerBar.swift */; };
		12C274F91A2D049F003A6D7B /* MusicPlayerBar.xib in Resources */ = {isa = PBXBuildFile; fileRef = 12C274F81A2D049F003A6D7B /* MusicPlayerBar.xib */; };
		12C274FB1A2D06AE003A6D7B /* MusicBarNavigationController.swift in Sources */ = {isa = PBXBuildFile; fileRef = 12C274FA1A2D06AE003A6D7B /* MusicBarNavigationController.swift */; };
		12CA2A421A2E4B66006EEAC4 /* MusicPlayerViewController.swift in Sources */ = {isa = PBXBuildFile; fileRef = 12CA2A401A2E4B66006EEAC4 /* MusicPlayerViewController.swift */; };
		12CA2A431A2E4B66006EEAC4 /* MusicPlayerViewController.xib in Resources */ = {isa = PBXBuildFile; fileRef = 12CA2A411A2E4B66006EEAC4 /* MusicPlayerViewController.xib */; };
		12CA2A471A2E561D006EEAC4 /* MusicPlaybackController.swift in Sources */ = {isa = PBXBuildFile; fileRef = 12CA2A461A2E561D006EEAC4 /* MusicPlaybackController.swift */; };
		12CA2A491A2E5663006EEAC4 /* AVFoundation.framework in Frameworks */ = {isa = PBXBuildFile; fileRef = 12CA2A481A2E5663006EEAC4 /* AVFoundation.framework */; };
		12CCC9E61A2FBCFA00A2FCF8 /* Images-2.xcassets in Resources */ = {isa = PBXBuildFile; fileRef = 12CCC9E51A2FBCFA00A2FCF8 /* Images-2.xcassets */; };
		12CEB1451A2E689300A4AED0 /* ArrayExtension.swift in Sources */ = {isa = PBXBuildFile; fileRef = 12CEB1441A2E689300A4AED0 /* ArrayExtension.swift */; };
		12CEB1471A2E71C900A4AED0 /* MediaPlayer.framework in Frameworks */ = {isa = PBXBuildFile; fileRef = 12CEB1461A2E71C900A4AED0 /* MediaPlayer.framework */; };
		12CEFA641A34E519000C2C8B /* UINavigationBarExtension.swift in Sources */ = {isa = PBXBuildFile; fileRef = 12CEFA631A34E519000C2C8B /* UINavigationBarExtension.swift */; };
		12CEFA6B1A34EC12000C2C8B /* icn_love_player_filled.png in Resources */ = {isa = PBXBuildFile; fileRef = 12CEFA651A34EC12000C2C8B /* icn_love_player_filled.png */; };
		12CEFA6C1A34EC12000C2C8B /* icn_love_player_filled@2x.png in Resources */ = {isa = PBXBuildFile; fileRef = 12CEFA661A34EC12000C2C8B /* icn_love_player_filled@2x.png */; };
		12CEFA6D1A34EC12000C2C8B /* icn_love_player_filled@3x.png in Resources */ = {isa = PBXBuildFile; fileRef = 12CEFA671A34EC12000C2C8B /* icn_love_player_filled@3x.png */; };
		12CEFA6E1A34EC12000C2C8B /* icn_love_player.png in Resources */ = {isa = PBXBuildFile; fileRef = 12CEFA681A34EC12000C2C8B /* icn_love_player.png */; };
		12CEFA6F1A34EC12000C2C8B /* icn_love_player@2x.png in Resources */ = {isa = PBXBuildFile; fileRef = 12CEFA691A34EC12000C2C8B /* icn_love_player@2x.png */; };
		12CEFA701A34EC12000C2C8B /* icn_love_player@3x.png in Resources */ = {isa = PBXBuildFile; fileRef = 12CEFA6A1A34EC12000C2C8B /* icn_love_player@3x.png */; };
		12CEFA7E1A34EEDC000C2C8B /* icn_next.png in Resources */ = {isa = PBXBuildFile; fileRef = 12CEFA721A34EEDC000C2C8B /* icn_next.png */; };
		12CEFA7F1A34EEDC000C2C8B /* icn_next@2x.png in Resources */ = {isa = PBXBuildFile; fileRef = 12CEFA731A34EEDC000C2C8B /* icn_next@2x.png */; };
		12CEFA801A34EEDC000C2C8B /* icn_next@3x.png in Resources */ = {isa = PBXBuildFile; fileRef = 12CEFA741A34EEDC000C2C8B /* icn_next@3x.png */; };
		12CEFA811A34EEDC000C2C8B /* icn_player_pause.png in Resources */ = {isa = PBXBuildFile; fileRef = 12CEFA751A34EEDC000C2C8B /* icn_player_pause.png */; };
		12CEFA821A34EEDC000C2C8B /* icn_player_pause@2x.png in Resources */ = {isa = PBXBuildFile; fileRef = 12CEFA761A34EEDC000C2C8B /* icn_player_pause@2x.png */; };
		12CEFA831A34EEDC000C2C8B /* icn_player_pause@3x.png in Resources */ = {isa = PBXBuildFile; fileRef = 12CEFA771A34EEDC000C2C8B /* icn_player_pause@3x.png */; };
		12CEFA841A34EEDC000C2C8B /* icn_player_play.png in Resources */ = {isa = PBXBuildFile; fileRef = 12CEFA781A34EEDC000C2C8B /* icn_player_play.png */; };
		12CEFA851A34EEDC000C2C8B /* icn_player_play@2x.png in Resources */ = {isa = PBXBuildFile; fileRef = 12CEFA791A34EEDC000C2C8B /* icn_player_play@2x.png */; };
		12CEFA861A34EEDC000C2C8B /* icn_player_play@3x.png in Resources */ = {isa = PBXBuildFile; fileRef = 12CEFA7A1A34EEDC000C2C8B /* icn_player_play@3x.png */; };
		12CEFA871A34EEDC000C2C8B /* icn_previous.png in Resources */ = {isa = PBXBuildFile; fileRef = 12CEFA7B1A34EEDC000C2C8B /* icn_previous.png */; };
		12CEFA881A34EEDC000C2C8B /* icn_previous@2x.png in Resources */ = {isa = PBXBuildFile; fileRef = 12CEFA7C1A34EEDC000C2C8B /* icn_previous@2x.png */; };
		12CEFA891A34EEDC000C2C8B /* icn_previous@3x.png in Resources */ = {isa = PBXBuildFile; fileRef = 12CEFA7D1A34EEDC000C2C8B /* icn_previous@3x.png */; };
		12D164DA1A4701630035CB5D /* WindowsAzureMobileServices.framework in Frameworks */ = {isa = PBXBuildFile; fileRef = 12D164D91A4701630035CB5D /* WindowsAzureMobileServices.framework */; };
		12D164DD1A4702140035CB5D /* MobileServiceClient.swift in Sources */ = {isa = PBXBuildFile; fileRef = 12D164DC1A4702140035CB5D /* MobileServiceClient.swift */; };
		12D722BB1A346AB000EE1DC0 /* PlaylistTrackCell.swift in Sources */ = {isa = PBXBuildFile; fileRef = 12D722BA1A346AB000EE1DC0 /* PlaylistTrackCell.swift */; };
		12D722CC1A347D8200EE1DC0 /* icn_more.png in Resources */ = {isa = PBXBuildFile; fileRef = 12D722C61A347D8200EE1DC0 /* icn_more.png */; };
		12D722CD1A347D8200EE1DC0 /* icn_more@2x.png in Resources */ = {isa = PBXBuildFile; fileRef = 12D722C71A347D8200EE1DC0 /* icn_more@2x.png */; };
		12D722CE1A347D8200EE1DC0 /* icn_more@3x.png in Resources */ = {isa = PBXBuildFile; fileRef = 12D722C81A347D8200EE1DC0 /* icn_more@3x.png */; };
		12D722D81A34888A00EE1DC0 /* icn_loved.png in Resources */ = {isa = PBXBuildFile; fileRef = 12D722D51A34888A00EE1DC0 /* icn_loved.png */; };
		12D722D91A34888A00EE1DC0 /* icn_loved@2x.png in Resources */ = {isa = PBXBuildFile; fileRef = 12D722D61A34888A00EE1DC0 /* icn_loved@2x.png */; };
		12D722DA1A34888A00EE1DC0 /* icn_loved@3x.png in Resources */ = {isa = PBXBuildFile; fileRef = 12D722D71A34888A00EE1DC0 /* icn_loved@3x.png */; };
		12E3ACA21A33317A008272D0 /* GenreCollectionViewController.swift in Sources */ = {isa = PBXBuildFile; fileRef = 12E3ACA11A33317A008272D0 /* GenreCollectionViewController.swift */; };
		12E3ACA41A33340B008272D0 /* GenreCollectionCell.swift in Sources */ = {isa = PBXBuildFile; fileRef = 12E3ACA31A33340B008272D0 /* GenreCollectionCell.swift */; };
		12E3ACA61A33406C008272D0 /* UIColorExtension.swift in Sources */ = {isa = PBXBuildFile; fileRef = 12E3ACA51A33406C008272D0 /* UIColorExtension.swift */; };
		12E3ACA81A334BD9008272D0 /* UIImageExtension.swift in Sources */ = {isa = PBXBuildFile; fileRef = 12E3ACA71A334BD9008272D0 /* UIImageExtension.swift */; };
		12E3ACB31A3356E5008272D0 /* icn_navbar.png in Resources */ = {isa = PBXBuildFile; fileRef = 12E3ACB01A3356E5008272D0 /* icn_navbar.png */; };
		12E3ACB41A3356E5008272D0 /* icn_navbar@2x.png in Resources */ = {isa = PBXBuildFile; fileRef = 12E3ACB11A3356E5008272D0 /* icn_navbar@2x.png */; };
		12E3ACB51A3356E5008272D0 /* icn_navbar@3x.png in Resources */ = {isa = PBXBuildFile; fileRef = 12E3ACB21A3356E5008272D0 /* icn_navbar@3x.png */; };
		12E3ACB91A33A04D008272D0 /* bg_white.jpg in Resources */ = {isa = PBXBuildFile; fileRef = 12E3ACB81A33A04D008272D0 /* bg_white.jpg */; };
		12E3ACBB1A33A1F1008272D0 /* bg_djbot_red.jpg in Resources */ = {isa = PBXBuildFile; fileRef = 12E3ACBA1A33A1F1008272D0 /* bg_djbot_red.jpg */; };
		57457664BE3437555D6FAFA4 /* libPods-DJ Bot.a in Frameworks */ = {isa = PBXBuildFile; fileRef = E846654925941D80AD9E4186 /* libPods-DJ Bot.a */; };
/* End PBXBuildFile section */

/* Begin PBXContainerItemProxy section */
		125BA8821A2B46500009E089 /* PBXContainerItemProxy */ = {
			isa = PBXContainerItemProxy;
			containerPortal = 125BA8611A2B46500009E089 /* Project object */;
			proxyType = 1;
			remoteGlobalIDString = 125BA8681A2B46500009E089;
			remoteInfo = "DJ Bot";
		};
/* End PBXContainerItemProxy section */

/* Begin PBXCopyFilesBuildPhase section */
		125BA8CA1A2BB2530009E089 /* Embed Frameworks */ = {
			isa = PBXCopyFilesBuildPhase;
			buildActionMask = 2147483647;
			dstPath = "";
			dstSubfolderSpec = 10;
			files = (
			);
			name = "Embed Frameworks";
			runOnlyForDeploymentPostprocessing = 0;
		};
/* End PBXCopyFilesBuildPhase section */

/* Begin PBXFileReference section */
		125BA8691A2B46500009E089 /* DJ Bot.app */ = {isa = PBXFileReference; explicitFileType = wrapper.application; includeInIndex = 0; path = "DJ Bot.app"; sourceTree = BUILT_PRODUCTS_DIR; };
		125BA86D1A2B46500009E089 /* Info.plist */ = {isa = PBXFileReference; lastKnownFileType = text.plist.xml; path = Info.plist; sourceTree = "<group>"; };
		125BA86E1A2B46500009E089 /* AppDelegate.swift */ = {isa = PBXFileReference; lastKnownFileType = sourcecode.swift; path = AppDelegate.swift; sourceTree = "<group>"; };
		125BA8711A2B46500009E089 /* DJ_Bot.xcdatamodel */ = {isa = PBXFileReference; lastKnownFileType = wrapper.xcdatamodel; path = DJ_Bot.xcdatamodel; sourceTree = "<group>"; };
		125BA8761A2B46500009E089 /* Base */ = {isa = PBXFileReference; lastKnownFileType = file.storyboard; name = Base; path = Base.lproj/Main.storyboard; sourceTree = "<group>"; };
		125BA87B1A2B46500009E089 /* Base */ = {isa = PBXFileReference; lastKnownFileType = file.xib; name = Base; path = Base.lproj/LaunchScreen.xib; sourceTree = "<group>"; };
		125BA8811A2B46500009E089 /* DJ BotTests.xctest */ = {isa = PBXFileReference; explicitFileType = wrapper.cfbundle; includeInIndex = 0; path = "DJ BotTests.xctest"; sourceTree = BUILT_PRODUCTS_DIR; };
		125BA8861A2B46500009E089 /* Info.plist */ = {isa = PBXFileReference; lastKnownFileType = text.plist.xml; path = Info.plist; sourceTree = "<group>"; };
		125BA8871A2B46500009E089 /* DJ_BotTests.swift */ = {isa = PBXFileReference; lastKnownFileType = sourcecode.swift; path = DJ_BotTests.swift; sourceTree = "<group>"; };
		125BA8941A2B472F0009E089 /* CalendarViewController.swift */ = {isa = PBXFileReference; fileEncoding = 4; lastKnownFileType = sourcecode.swift; path = CalendarViewController.swift; sourceTree = "<group>"; };
		125BA89A1A2B4D470009E089 /* BotDay.swift */ = {isa = PBXFileReference; fileEncoding = 4; lastKnownFileType = sourcecode.swift; path = BotDay.swift; sourceTree = "<group>"; };
		125BA89C1A2B4D500009E089 /* BotPlaylist.swift */ = {isa = PBXFileReference; fileEncoding = 4; lastKnownFileType = sourcecode.swift; path = BotPlaylist.swift; sourceTree = "<group>"; };
		125BA89E1A2B4D5C0009E089 /* BotTrack.swift */ = {isa = PBXFileReference; fileEncoding = 4; lastKnownFileType = sourcecode.swift; path = BotTrack.swift; sourceTree = "<group>"; };
		125BA8A21A2B51620009E089 /* StringExtension.swift */ = {isa = PBXFileReference; fileEncoding = 4; lastKnownFileType = sourcecode.swift; path = StringExtension.swift; sourceTree = "<group>"; };
		125BA8A41A2B54CC0009E089 /* DateExtension.swift */ = {isa = PBXFileReference; fileEncoding = 4; lastKnownFileType = sourcecode.swift; path = DateExtension.swift; sourceTree = "<group>"; };
		125BA8A71A2BAB920009E089 /* PlaylistViewController.swift */ = {isa = PBXFileReference; fileEncoding = 4; lastKnownFileType = sourcecode.swift; path = PlaylistViewController.swift; sourceTree = "<group>"; };
		125F294A1A2FC57B00572ACE /* icn_app@2x.png */ = {isa = PBXFileReference; lastKnownFileType = image.png; path = "icn_app@2x.png"; sourceTree = "<group>"; };
		125F294B1A2FC57B00572ACE /* icn_app@3x.png */ = {isa = PBXFileReference; lastKnownFileType = image.png; path = "icn_app@3x.png"; sourceTree = "<group>"; };
		12669D681A32FD66004313D1 /* DJ Bot-Bridging-Header.h */ = {isa = PBXFileReference; lastKnownFileType = sourcecode.c.h; path = "DJ Bot-Bridging-Header.h"; sourceTree = "<group>"; };
		127C56261A2C4F7600537018 /* TodayCell.swift */ = {isa = PBXFileReference; fileEncoding = 4; lastKnownFileType = sourcecode.swift; path = TodayCell.swift; sourceTree = "<group>"; };
		127C56281A2C4FBE00537018 /* DayCell.swift */ = {isa = PBXFileReference; fileEncoding = 4; lastKnownFileType = sourcecode.swift; path = DayCell.swift; sourceTree = "<group>"; };
		12B532291A33B6AA0084B472 /* icn_pause.png */ = {isa = PBXFileReference; lastKnownFileType = image.png; name = icn_pause.png; path = ../icn_pause.png; sourceTree = "<group>"; };
		12B5322A1A33B6AA0084B472 /* icn_pause@2x.png */ = {isa = PBXFileReference; lastKnownFileType = image.png; name = "icn_pause@2x.png"; path = "../icn_pause@2x.png"; sourceTree = "<group>"; };
		12B5322B1A33B6AA0084B472 /* icn_pause@3x.png */ = {isa = PBXFileReference; lastKnownFileType = image.png; name = "icn_pause@3x.png"; path = "../icn_pause@3x.png"; sourceTree = "<group>"; };
		12B5322C1A33B6AA0084B472 /* icn_play.png */ = {isa = PBXFileReference; lastKnownFileType = image.png; name = icn_play.png; path = ../icn_play.png; sourceTree = "<group>"; };
		12B5322D1A33B6AA0084B472 /* icn_play@2x.png */ = {isa = PBXFileReference; lastKnownFileType = image.png; name = "icn_play@2x.png"; path = "../icn_play@2x.png"; sourceTree = "<group>"; };
		12B5322E1A33B6AA0084B472 /* icn_play@3x.png */ = {isa = PBXFileReference; lastKnownFileType = image.png; name = "icn_play@3x.png"; path = "../icn_play@3x.png"; sourceTree = "<group>"; };
		12C274F61A2D03B4003A6D7B /* MusicPlayerBar.swift */ = {isa = PBXFileReference; fileEncoding = 4; lastKnownFileType = sourcecode.swift; path = MusicPlayerBar.swift; sourceTree = "<group>"; };
		12C274F81A2D049F003A6D7B /* MusicPlayerBar.xib */ = {isa = PBXFileReference; fileEncoding = 4; lastKnownFileType = file.xib; path = MusicPlayerBar.xib; sourceTree = "<group>"; };
		12C274FA1A2D06AE003A6D7B /* MusicBarNavigationController.swift */ = {isa = PBXFileReference; fileEncoding = 4; lastKnownFileType = sourcecode.swift; path = MusicBarNavigationController.swift; sourceTree = "<group>"; };
		12CA2A401A2E4B66006EEAC4 /* MusicPlayerViewController.swift */ = {isa = PBXFileReference; fileEncoding = 4; lastKnownFileType = sourcecode.swift; path = MusicPlayerViewController.swift; sourceTree = "<group>"; };
		12CA2A411A2E4B66006EEAC4 /* MusicPlayerViewController.xib */ = {isa = PBXFileReference; fileEncoding = 4; lastKnownFileType = file.xib; path = MusicPlayerViewController.xib; sourceTree = "<group>"; };
		12CA2A461A2E561D006EEAC4 /* MusicPlaybackController.swift */ = {isa = PBXFileReference; fileEncoding = 4; lastKnownFileType = sourcecode.swift; path = MusicPlaybackController.swift; sourceTree = "<group>"; };
		12CA2A481A2E5663006EEAC4 /* AVFoundation.framework */ = {isa = PBXFileReference; lastKnownFileType = wrapper.framework; name = AVFoundation.framework; path = System/Library/Frameworks/AVFoundation.framework; sourceTree = SDKROOT; };
		12CCC9E51A2FBCFA00A2FCF8 /* Images-2.xcassets */ = {isa = PBXFileReference; lastKnownFileType = folder.assetcatalog; path = "Images-2.xcassets"; sourceTree = "<group>"; };
		12CEB1441A2E689300A4AED0 /* ArrayExtension.swift */ = {isa = PBXFileReference; fileEncoding = 4; lastKnownFileType = sourcecode.swift; path = ArrayExtension.swift; sourceTree = "<group>"; };
		12CEB1461A2E71C900A4AED0 /* MediaPlayer.framework */ = {isa = PBXFileReference; lastKnownFileType = wrapper.framework; name = MediaPlayer.framework; path = System/Library/Frameworks/MediaPlayer.framework; sourceTree = SDKROOT; };
		12CEFA631A34E519000C2C8B /* UINavigationBarExtension.swift */ = {isa = PBXFileReference; fileEncoding = 4; lastKnownFileType = sourcecode.swift; path = UINavigationBarExtension.swift; sourceTree = "<group>"; };
		12CEFA651A34EC12000C2C8B /* icn_love_player_filled.png */ = {isa = PBXFileReference; lastKnownFileType = image.png; path = icn_love_player_filled.png; sourceTree = "<group>"; };
		12CEFA661A34EC12000C2C8B /* icn_love_player_filled@2x.png */ = {isa = PBXFileReference; lastKnownFileType = image.png; path = "icn_love_player_filled@2x.png"; sourceTree = "<group>"; };
		12CEFA671A34EC12000C2C8B /* icn_love_player_filled@3x.png */ = {isa = PBXFileReference; lastKnownFileType = image.png; path = "icn_love_player_filled@3x.png"; sourceTree = "<group>"; };
		12CEFA681A34EC12000C2C8B /* icn_love_player.png */ = {isa = PBXFileReference; lastKnownFileType = image.png; path = icn_love_player.png; sourceTree = "<group>"; };
		12CEFA691A34EC12000C2C8B /* icn_love_player@2x.png */ = {isa = PBXFileReference; lastKnownFileType = image.png; path = "icn_love_player@2x.png"; sourceTree = "<group>"; };
		12CEFA6A1A34EC12000C2C8B /* icn_love_player@3x.png */ = {isa = PBXFileReference; lastKnownFileType = image.png; path = "icn_love_player@3x.png"; sourceTree = "<group>"; };
		12CEFA721A34EEDC000C2C8B /* icn_next.png */ = {isa = PBXFileReference; lastKnownFileType = image.png; path = icn_next.png; sourceTree = "<group>"; };
		12CEFA731A34EEDC000C2C8B /* icn_next@2x.png */ = {isa = PBXFileReference; lastKnownFileType = image.png; path = "icn_next@2x.png"; sourceTree = "<group>"; };
		12CEFA741A34EEDC000C2C8B /* icn_next@3x.png */ = {isa = PBXFileReference; lastKnownFileType = image.png; path = "icn_next@3x.png"; sourceTree = "<group>"; };
		12CEFA751A34EEDC000C2C8B /* icn_player_pause.png */ = {isa = PBXFileReference; lastKnownFileType = image.png; path = icn_player_pause.png; sourceTree = "<group>"; };
		12CEFA761A34EEDC000C2C8B /* icn_player_pause@2x.png */ = {isa = PBXFileReference; lastKnownFileType = image.png; path = "icn_player_pause@2x.png"; sourceTree = "<group>"; };
		12CEFA771A34EEDC000C2C8B /* icn_player_pause@3x.png */ = {isa = PBXFileReference; lastKnownFileType = image.png; path = "icn_player_pause@3x.png"; sourceTree = "<group>"; };
		12CEFA781A34EEDC000C2C8B /* icn_player_play.png */ = {isa = PBXFileReference; lastKnownFileType = image.png; path = icn_player_play.png; sourceTree = "<group>"; };
		12CEFA791A34EEDC000C2C8B /* icn_player_play@2x.png */ = {isa = PBXFileReference; lastKnownFileType = image.png; path = "icn_player_play@2x.png"; sourceTree = "<group>"; };
		12CEFA7A1A34EEDC000C2C8B /* icn_player_play@3x.png */ = {isa = PBXFileReference; lastKnownFileType = image.png; path = "icn_player_play@3x.png"; sourceTree = "<group>"; };
		12CEFA7B1A34EEDC000C2C8B /* icn_previous.png */ = {isa = PBXFileReference; lastKnownFileType = image.png; path = icn_previous.png; sourceTree = "<group>"; };
		12CEFA7C1A34EEDC000C2C8B /* icn_previous@2x.png */ = {isa = PBXFileReference; lastKnownFileType = image.png; path = "icn_previous@2x.png"; sourceTree = "<group>"; };
		12CEFA7D1A34EEDC000C2C8B /* icn_previous@3x.png */ = {isa = PBXFileReference; lastKnownFileType = image.png; path = "icn_previous@3x.png"; sourceTree = "<group>"; };
		12D164D91A4701630035CB5D /* WindowsAzureMobileServices.framework */ = {isa = PBXFileReference; lastKnownFileType = wrapper.framework; name = WindowsAzureMobileServices.framework; path = "../../../../../Downloads/azuresdk-iOS-v1.2.4/WindowsAzureMobileServices.framework"; sourceTree = "<group>"; };
		12D164DC1A4702140035CB5D /* MobileServiceClient.swift */ = {isa = PBXFileReference; fileEncoding = 4; lastKnownFileType = sourcecode.swift; path = MobileServiceClient.swift; sourceTree = "<group>"; };
		12D722BA1A346AB000EE1DC0 /* PlaylistTrackCell.swift */ = {isa = PBXFileReference; fileEncoding = 4; lastKnownFileType = sourcecode.swift; path = PlaylistTrackCell.swift; sourceTree = "<group>"; };
		12D722C61A347D8200EE1DC0 /* icn_more.png */ = {isa = PBXFileReference; lastKnownFileType = image.png; path = icn_more.png; sourceTree = "<group>"; };
		12D722C71A347D8200EE1DC0 /* icn_more@2x.png */ = {isa = PBXFileReference; lastKnownFileType = image.png; path = "icn_more@2x.png"; sourceTree = "<group>"; };
		12D722C81A347D8200EE1DC0 /* icn_more@3x.png */ = {isa = PBXFileReference; lastKnownFileType = image.png; path = "icn_more@3x.png"; sourceTree = "<group>"; };
		12D722D51A34888A00EE1DC0 /* icn_loved.png */ = {isa = PBXFileReference; lastKnownFileType = image.png; path = icn_loved.png; sourceTree = "<group>"; };
		12D722D61A34888A00EE1DC0 /* icn_loved@2x.png */ = {isa = PBXFileReference; lastKnownFileType = image.png; path = "icn_loved@2x.png"; sourceTree = "<group>"; };
		12D722D71A34888A00EE1DC0 /* icn_loved@3x.png */ = {isa = PBXFileReference; lastKnownFileType = image.png; path = "icn_loved@3x.png"; sourceTree = "<group>"; };
		12E3ACA11A33317A008272D0 /* GenreCollectionViewController.swift */ = {isa = PBXFileReference; fileEncoding = 4; lastKnownFileType = sourcecode.swift; path = GenreCollectionViewController.swift; sourceTree = "<group>"; };
		12E3ACA31A33340B008272D0 /* GenreCollectionCell.swift */ = {isa = PBXFileReference; fileEncoding = 4; lastKnownFileType = sourcecode.swift; path = GenreCollectionCell.swift; sourceTree = "<group>"; };
		12E3ACA51A33406C008272D0 /* UIColorExtension.swift */ = {isa = PBXFileReference; fileEncoding = 4; lastKnownFileType = sourcecode.swift; path = UIColorExtension.swift; sourceTree = "<group>"; };
		12E3ACA71A334BD9008272D0 /* UIImageExtension.swift */ = {isa = PBXFileReference; fileEncoding = 4; lastKnownFileType = sourcecode.swift; path = UIImageExtension.swift; sourceTree = "<group>"; };
		12E3ACB01A3356E5008272D0 /* icn_navbar.png */ = {isa = PBXFileReference; lastKnownFileType = image.png; path = icn_navbar.png; sourceTree = "<group>"; };
		12E3ACB11A3356E5008272D0 /* icn_navbar@2x.png */ = {isa = PBXFileReference; lastKnownFileType = image.png; path = "icn_navbar@2x.png"; sourceTree = "<group>"; };
		12E3ACB21A3356E5008272D0 /* icn_navbar@3x.png */ = {isa = PBXFileReference; lastKnownFileType = image.png; path = "icn_navbar@3x.png"; sourceTree = "<group>"; };
		12E3ACB81A33A04D008272D0 /* bg_white.jpg */ = {isa = PBXFileReference; lastKnownFileType = image.jpeg; path = bg_white.jpg; sourceTree = "<group>"; };
		12E3ACBA1A33A1F1008272D0 /* bg_djbot_red.jpg */ = {isa = PBXFileReference; lastKnownFileType = image.jpeg; path = bg_djbot_red.jpg; sourceTree = "<group>"; };
		191BAA5C90D48DF41456BBDB /* Pods-DJ Bot.release.xcconfig */ = {isa = PBXFileReference; includeInIndex = 1; lastKnownFileType = text.xcconfig; name = "Pods-DJ Bot.release.xcconfig"; path = "Pods/Target Support Files/Pods-DJ Bot/Pods-DJ Bot.release.xcconfig"; sourceTree = "<group>"; };
		E6526BE59B120A940FAA32EA /* Pods-DJ Bot.debug.xcconfig */ = {isa = PBXFileReference; includeInIndex = 1; lastKnownFileType = text.xcconfig; name = "Pods-DJ Bot.debug.xcconfig"; path = "Pods/Target Support Files/Pods-DJ Bot/Pods-DJ Bot.debug.xcconfig"; sourceTree = "<group>"; };
		E846654925941D80AD9E4186 /* libPods-DJ Bot.a */ = {isa = PBXFileReference; explicitFileType = archive.ar; includeInIndex = 0; path = "libPods-DJ Bot.a"; sourceTree = BUILT_PRODUCTS_DIR; };
/* End PBXFileReference section */

/* Begin PBXFrameworksBuildPhase section */
		125BA8661A2B46500009E089 /* Frameworks */ = {
			isa = PBXFrameworksBuildPhase;
			buildActionMask = 2147483647;
			files = (
				12CEB1471A2E71C900A4AED0 /* MediaPlayer.framework in Frameworks */,
				12CA2A491A2E5663006EEAC4 /* AVFoundation.framework in Frameworks */,
				12D164DA1A4701630035CB5D /* WindowsAzureMobileServices.framework in Frameworks */,
				57457664BE3437555D6FAFA4 /* libPods-DJ Bot.a in Frameworks */,
			);
			runOnlyForDeploymentPostprocessing = 0;
		};
		125BA87E1A2B46500009E089 /* Frameworks */ = {
			isa = PBXFrameworksBuildPhase;
			buildActionMask = 2147483647;
			files = (
			);
			runOnlyForDeploymentPostprocessing = 0;
		};
/* End PBXFrameworksBuildPhase section */

/* Begin PBXGroup section */
		1206C4B41A32F475008FA9A3 /* Test */ = {
			isa = PBXGroup;
			children = (
			);
			name = Test;
			sourceTree = "<group>";
		};
		125BA8601A2B46500009E089 = {
			isa = PBXGroup;
			children = (
				125BA86B1A2B46500009E089 /* DJ Bot */,
				125BA8841A2B46500009E089 /* DJ BotTests */,
				125BA86A1A2B46500009E089 /* Products */,
				304E81736DEB890E86CAABB2 /* Pods */,
				1485BFE2357A1915E77195CF /* Frameworks */,
			);
			sourceTree = "<group>";
		};
		125BA86A1A2B46500009E089 /* Products */ = {
			isa = PBXGroup;
			children = (
				125BA8691A2B46500009E089 /* DJ Bot.app */,
				125BA8811A2B46500009E089 /* DJ BotTests.xctest */,
			);
			name = Products;
			sourceTree = "<group>";
		};
		125BA86B1A2B46500009E089 /* DJ Bot */ = {
			isa = PBXGroup;
			children = (
				12CCC9E41A2FBB5C00A2FCF8 /* Assets */,
				125BA8A01A2B505B0009E089 /* Utils */,
				125BA8991A2B4B930009E089 /* Setup */,
				125BA8921A2B46DA0009E089 /* Model */,
				125BA8911A2B46D30009E089 /* View */,
				125BA8751A2B46500009E089 /* Main.storyboard */,
				12CCC9E51A2FBCFA00A2FCF8 /* Images-2.xcassets */,
				125BA86C1A2B46500009E089 /* Supporting Files */,
			);
			path = "DJ Bot";
			sourceTree = "<group>";
		};
		125BA86C1A2B46500009E089 /* Supporting Files */ = {
			isa = PBXGroup;
			children = (
				125BA86D1A2B46500009E089 /* Info.plist */,
			);
			name = "Supporting Files";
			sourceTree = "<group>";
		};
		125BA8841A2B46500009E089 /* DJ BotTests */ = {
			isa = PBXGroup;
			children = (
				125BA8871A2B46500009E089 /* DJ_BotTests.swift */,
				125BA8851A2B46500009E089 /* Supporting Files */,
			);
			path = "DJ BotTests";
			sourceTree = "<group>";
		};
		125BA8851A2B46500009E089 /* Supporting Files */ = {
			isa = PBXGroup;
			children = (
				125BA8861A2B46500009E089 /* Info.plist */,
			);
			name = "Supporting Files";
			sourceTree = "<group>";
		};
		125BA8911A2B46D30009E089 /* View */ = {
			isa = PBXGroup;
			children = (
				12C274F31A2D0098003A6D7B /* MusicPlayer */,
				125BA8A61A2BAB7D0009E089 /* Playlist */,
				125BA8961A2B4B5A0009E089 /* Genres */,
				125BA8931A2B46E40009E089 /* Calendar */,
			);
			name = View;
			sourceTree = "<group>";
		};
		125BA8921A2B46DA0009E089 /* Model */ = {
			isa = PBXGroup;
			children = (
				125BA8701A2B46500009E089 /* DJ_Bot.xcdatamodeld */,
				125BA89A1A2B4D470009E089 /* BotDay.swift */,
				125BA89C1A2B4D500009E089 /* BotPlaylist.swift */,
				125BA89E1A2B4D5C0009E089 /* BotTrack.swift */,
			);
			name = Model;
			sourceTree = "<group>";
		};
		125BA8931A2B46E40009E089 /* Calendar */ = {
			isa = PBXGroup;
			children = (
				127C56231A2C4DFA00537018 /* Cells */,
				125BA8941A2B472F0009E089 /* CalendarViewController.swift */,
			);
			name = Calendar;
			sourceTree = "<group>";
		};
		125BA8961A2B4B5A0009E089 /* Genres */ = {
			isa = PBXGroup;
			children = (
				127C562A1A2C526B00537018 /* Cells */,
				12E3ACA11A33317A008272D0 /* GenreCollectionViewController.swift */,
			);
			name = Genres;
			sourceTree = "<group>";
		};
		125BA8991A2B4B930009E089 /* Setup */ = {
			isa = PBXGroup;
			children = (
				125BA86E1A2B46500009E089 /* AppDelegate.swift */,
				125BA87A1A2B46500009E089 /* LaunchScreen.xib */,
				12669D681A32FD66004313D1 /* DJ Bot-Bridging-Header.h */,
			);
			name = Setup;
			sourceTree = "<group>";
		};
		125BA8A01A2B505B0009E089 /* Utils */ = {
			isa = PBXGroup;
			children = (
				12D164DB1A4701D80035CB5D /* Clients */,
				12CA2A451A2E55E1006EEAC4 /* MusicPlayer */,
				125BA8A11A2B51320009E089 /* Extensions */,
			);
			name = Utils;
			sourceTree = "<group>";
		};
		125BA8A11A2B51320009E089 /* Extensions */ = {
			isa = PBXGroup;
			children = (
				125BA8A21A2B51620009E089 /* StringExtension.swift */,
				125BA8A41A2B54CC0009E089 /* DateExtension.swift */,
				12CEB1441A2E689300A4AED0 /* ArrayExtension.swift */,
				12E3ACA51A33406C008272D0 /* UIColorExtension.swift */,
				12E3ACA71A334BD9008272D0 /* UIImageExtension.swift */,
				12CEFA631A34E519000C2C8B /* UINavigationBarExtension.swift */,
			);
			name = Extensions;
			sourceTree = "<group>";
		};
		125BA8A61A2BAB7D0009E089 /* Playlist */ = {
			isa = PBXGroup;
			children = (
				12D722B91A346A7200EE1DC0 /* Cells */,
				125BA8A71A2BAB920009E089 /* PlaylistViewController.swift */,
			);
			name = Playlist;
			sourceTree = "<group>";
		};
		127C56231A2C4DFA00537018 /* Cells */ = {
			isa = PBXGroup;
			children = (
				127C56261A2C4F7600537018 /* TodayCell.swift */,
				127C56281A2C4FBE00537018 /* DayCell.swift */,
			);
			name = Cells;
			sourceTree = "<group>";
		};
		127C562A1A2C526B00537018 /* Cells */ = {
			isa = PBXGroup;
			children = (
				12E3ACA31A33340B008272D0 /* GenreCollectionCell.swift */,
			);
			name = Cells;
			sourceTree = "<group>";
		};
		12C274F31A2D0098003A6D7B /* MusicPlayer */ = {
			isa = PBXGroup;
			children = (
				12CA2A3F1A2E4B13006EEAC4 /* Bar */,
				12C274FA1A2D06AE003A6D7B /* MusicBarNavigationController.swift */,
				12CA2A401A2E4B66006EEAC4 /* MusicPlayerViewController.swift */,
				12CA2A411A2E4B66006EEAC4 /* MusicPlayerViewController.xib */,
			);
			name = MusicPlayer;
			sourceTree = "<group>";
		};
		12CA2A3F1A2E4B13006EEAC4 /* Bar */ = {
			isa = PBXGroup;
			children = (
				12C274F81A2D049F003A6D7B /* MusicPlayerBar.xib */,
				12C274F61A2D03B4003A6D7B /* MusicPlayerBar.swift */,
			);
			name = Bar;
			sourceTree = "<group>";
		};
		12CA2A451A2E55E1006EEAC4 /* MusicPlayer */ = {
			isa = PBXGroup;
			children = (
				12CA2A461A2E561D006EEAC4 /* MusicPlaybackController.swift */,
			);
			name = MusicPlayer;
			sourceTree = "<group>";
		};
		12CCC9E41A2FBB5C00A2FCF8 /* Assets */ = {
			isa = PBXGroup;
			children = (
				12CEFA711A34EC16000C2C8B /* MusicPlayer */,
				12D722C21A3475B300EE1DC0 /* Playlist */,
				12E3ACBC1A33B427008272D0 /* Music Bar */,
				12E3ACA91A335380008272D0 /* Navigation */,
				1206C4B41A32F475008FA9A3 /* Test */,
				125F294A1A2FC57B00572ACE /* icn_app@2x.png */,
				125F294B1A2FC57B00572ACE /* icn_app@3x.png */,
			);
			name = Assets;
			sourceTree = "<group>";
		};
		12CEFA711A34EC16000C2C8B /* MusicPlayer */ = {
			isa = PBXGroup;
			children = (
				12CEFA721A34EEDC000C2C8B /* icn_next.png */,
				12CEFA731A34EEDC000C2C8B /* icn_next@2x.png */,
				12CEFA741A34EEDC000C2C8B /* icn_next@3x.png */,
				12CEFA751A34EEDC000C2C8B /* icn_player_pause.png */,
				12CEFA761A34EEDC000C2C8B /* icn_player_pause@2x.png */,
				12CEFA771A34EEDC000C2C8B /* icn_player_pause@3x.png */,
				12CEFA781A34EEDC000C2C8B /* icn_player_play.png */,
				12CEFA791A34EEDC000C2C8B /* icn_player_play@2x.png */,
				12CEFA7A1A34EEDC000C2C8B /* icn_player_play@3x.png */,
				12CEFA7B1A34EEDC000C2C8B /* icn_previous.png */,
				12CEFA7C1A34EEDC000C2C8B /* icn_previous@2x.png */,
				12CEFA7D1A34EEDC000C2C8B /* icn_previous@3x.png */,
				12CEFA651A34EC12000C2C8B /* icn_love_player_filled.png */,
				12CEFA661A34EC12000C2C8B /* icn_love_player_filled@2x.png */,
				12CEFA671A34EC12000C2C8B /* icn_love_player_filled@3x.png */,
				12CEFA681A34EC12000C2C8B /* icn_love_player.png */,
				12CEFA691A34EC12000C2C8B /* icn_love_player@2x.png */,
				12CEFA6A1A34EC12000C2C8B /* icn_love_player@3x.png */,
			);
			name = MusicPlayer;
			sourceTree = "<group>";
		};
		12D164DB1A4701D80035CB5D /* Clients */ = {
			isa = PBXGroup;
			children = (
				12D164DC1A4702140035CB5D /* MobileServiceClient.swift */,
			);
			name = Clients;
			sourceTree = "<group>";
		};
		12D722B91A346A7200EE1DC0 /* Cells */ = {
			isa = PBXGroup;
			children = (
				12D722BA1A346AB000EE1DC0 /* PlaylistTrackCell.swift */,
			);
			name = Cells;
			sourceTree = "<group>";
		};
		12D722C21A3475B300EE1DC0 /* Playlist */ = {
			isa = PBXGroup;
			children = (
				12D722D51A34888A00EE1DC0 /* icn_loved.png */,
				12D722D61A34888A00EE1DC0 /* icn_loved@2x.png */,
				12D722D71A34888A00EE1DC0 /* icn_loved@3x.png */,
				12D722C61A347D8200EE1DC0 /* icn_more.png */,
				12D722C71A347D8200EE1DC0 /* icn_more@2x.png */,
				12D722C81A347D8200EE1DC0 /* icn_more@3x.png */,
			);
			name = Playlist;
			sourceTree = "<group>";
		};
		12E3ACA91A335380008272D0 /* Navigation */ = {
			isa = PBXGroup;
			children = (
				12E3ACBA1A33A1F1008272D0 /* bg_djbot_red.jpg */,
				12E3ACB81A33A04D008272D0 /* bg_white.jpg */,
				12E3ACB01A3356E5008272D0 /* icn_navbar.png */,
				12E3ACB11A3356E5008272D0 /* icn_navbar@2x.png */,
				12E3ACB21A3356E5008272D0 /* icn_navbar@3x.png */,
			);
			name = Navigation;
			sourceTree = "<group>";
		};
		12E3ACBC1A33B427008272D0 /* Music Bar */ = {
			isa = PBXGroup;
			children = (
				12B532291A33B6AA0084B472 /* icn_pause.png */,
				12B5322A1A33B6AA0084B472 /* icn_pause@2x.png */,
				12B5322B1A33B6AA0084B472 /* icn_pause@3x.png */,
				12B5322C1A33B6AA0084B472 /* icn_play.png */,
				12B5322D1A33B6AA0084B472 /* icn_play@2x.png */,
				12B5322E1A33B6AA0084B472 /* icn_play@3x.png */,
			);
			name = "Music Bar";
			sourceTree = "<group>";
		};
		1485BFE2357A1915E77195CF /* Frameworks */ = {
			isa = PBXGroup;
			children = (
				12D164D91A4701630035CB5D /* WindowsAzureMobileServices.framework */,
				12CEB1461A2E71C900A4AED0 /* MediaPlayer.framework */,
				12CA2A481A2E5663006EEAC4 /* AVFoundation.framework */,
				E846654925941D80AD9E4186 /* libPods-DJ Bot.a */,
			);
			name = Frameworks;
			sourceTree = "<group>";
		};
		304E81736DEB890E86CAABB2 /* Pods */ = {
			isa = PBXGroup;
			children = (
				E6526BE59B120A940FAA32EA /* Pods-DJ Bot.debug.xcconfig */,
				191BAA5C90D48DF41456BBDB /* Pods-DJ Bot.release.xcconfig */,
			);
			name = Pods;
			sourceTree = "<group>";
		};
/* End PBXGroup section */

/* Begin PBXNativeTarget section */
		125BA8681A2B46500009E089 /* DJ Bot */ = {
			isa = PBXNativeTarget;
			buildConfigurationList = 125BA88B1A2B46500009E089 /* Build configuration list for PBXNativeTarget "DJ Bot" */;
			buildPhases = (
				A5721FD176C212A46D1AFB91 /* Check Pods Manifest.lock */,
				125BA8651A2B46500009E089 /* Sources */,
				125BA8661A2B46500009E089 /* Frameworks */,
				125BA8671A2B46500009E089 /* Resources */,
				125BA8CA1A2BB2530009E089 /* Embed Frameworks */,
				FBC80624FA0379D3F6FAC0D4 /* Copy Pods Resources */,
			);
			buildRules = (
			);
			dependencies = (
			);
			name = "DJ Bot";
			productName = "DJ Bot";
			productReference = 125BA8691A2B46500009E089 /* DJ Bot.app */;
			productType = "com.apple.product-type.application";
		};
		125BA8801A2B46500009E089 /* DJ BotTests */ = {
			isa = PBXNativeTarget;
			buildConfigurationList = 125BA88E1A2B46500009E089 /* Build configuration list for PBXNativeTarget "DJ BotTests" */;
			buildPhases = (
				125BA87D1A2B46500009E089 /* Sources */,
				125BA87E1A2B46500009E089 /* Frameworks */,
				125BA87F1A2B46500009E089 /* Resources */,
			);
			buildRules = (
			);
			dependencies = (
				125BA8831A2B46500009E089 /* PBXTargetDependency */,
			);
			name = "DJ BotTests";
			productName = "DJ BotTests";
			productReference = 125BA8811A2B46500009E089 /* DJ BotTests.xctest */;
			productType = "com.apple.product-type.bundle.unit-test";
		};
/* End PBXNativeTarget section */

/* Begin PBXProject section */
		125BA8611A2B46500009E089 /* Project object */ = {
			isa = PBXProject;
			attributes = {
				LastUpgradeCheck = 0610;
				ORGANIZATIONNAME = JTMS;
				TargetAttributes = {
					125BA8681A2B46500009E089 = {
						CreatedOnToolsVersion = 6.1;
					};
					125BA8801A2B46500009E089 = {
						CreatedOnToolsVersion = 6.1;
						TestTargetID = 125BA8681A2B46500009E089;
					};
				};
			};
			buildConfigurationList = 125BA8641A2B46500009E089 /* Build configuration list for PBXProject "DJ Bot" */;
			compatibilityVersion = "Xcode 3.2";
			developmentRegion = English;
			hasScannedForEncodings = 0;
			knownRegions = (
				en,
				Base,
			);
			mainGroup = 125BA8601A2B46500009E089;
			productRefGroup = 125BA86A1A2B46500009E089 /* Products */;
			projectDirPath = "";
			projectRoot = "";
			targets = (
				125BA8681A2B46500009E089 /* DJ Bot */,
				125BA8801A2B46500009E089 /* DJ BotTests */,
			);
		};
/* End PBXProject section */

/* Begin PBXResourcesBuildPhase section */
		125BA8671A2B46500009E089 /* Resources */ = {
			isa = PBXResourcesBuildPhase;
			buildActionMask = 2147483647;
			files = (
				12D722CD1A347D8200EE1DC0 /* icn_more@2x.png in Resources */,
				12D722CE1A347D8200EE1DC0 /* icn_more@3x.png in Resources */,
				12B5322F1A33B6AB0084B472 /* icn_pause.png in Resources */,
				12CEFA891A34EEDC000C2C8B /* icn_previous@3x.png in Resources */,
				12CEFA6D1A34EC12000C2C8B /* icn_love_player_filled@3x.png in Resources */,
				12CEFA7F1A34EEDC000C2C8B /* icn_next@2x.png in Resources */,
				12B532301A33B6AB0084B472 /* icn_pause@2x.png in Resources */,
				12CEFA6E1A34EC12000C2C8B /* icn_love_player.png in Resources */,
				12B532311A33B6AB0084B472 /* icn_pause@3x.png in Resources */,
				12CEFA851A34EEDC000C2C8B /* icn_player_play@2x.png in Resources */,
				12CEFA6F1A34EC12000C2C8B /* icn_love_player@2x.png in Resources */,
				12D722D81A34888A00EE1DC0 /* icn_loved.png in Resources */,
				12B532321A33B6AB0084B472 /* icn_play.png in Resources */,
				12D722D91A34888A00EE1DC0 /* icn_loved@2x.png in Resources */,
				12B532331A33B6AB0084B472 /* icn_play@2x.png in Resources */,
				12D722DA1A34888A00EE1DC0 /* icn_loved@3x.png in Resources */,
				12CEFA701A34EC12000C2C8B /* icn_love_player@3x.png in Resources */,
				12CEFA801A34EEDC000C2C8B /* icn_next@3x.png in Resources */,
				12CEFA881A34EEDC000C2C8B /* icn_previous@2x.png in Resources */,
				12CEFA861A34EEDC000C2C8B /* icn_player_play@3x.png in Resources */,
				12B532341A33B6AB0084B472 /* icn_play@3x.png in Resources */,
				12CCC9E61A2FBCFA00A2FCF8 /* Images-2.xcassets in Resources */,
				125F294C1A2FC57B00572ACE /* icn_app@2x.png in Resources */,
				12CA2A431A2E4B66006EEAC4 /* MusicPlayerViewController.xib in Resources */,
				12CEFA821A34EEDC000C2C8B /* icn_player_pause@2x.png in Resources */,
				125F294D1A2FC57B00572ACE /* icn_app@3x.png in Resources */,
				12E3ACBB1A33A1F1008272D0 /* bg_djbot_red.jpg in Resources */,
				12CEFA871A34EEDC000C2C8B /* icn_previous.png in Resources */,
				12CEFA6C1A34EC12000C2C8B /* icn_love_player_filled@2x.png in Resources */,
				12CEFA6B1A34EC12000C2C8B /* icn_love_player_filled.png in Resources */,
				12E3ACB31A3356E5008272D0 /* icn_navbar.png in Resources */,
				125BA8771A2B46500009E089 /* Main.storyboard in Resources */,
				12CEFA811A34EEDC000C2C8B /* icn_player_pause.png in Resources */,
				12CEFA831A34EEDC000C2C8B /* icn_player_pause@3x.png in Resources */,
				12CEFA7E1A34EEDC000C2C8B /* icn_next.png in Resources */,
				125BA87C1A2B46500009E089 /* LaunchScreen.xib in Resources */,
				12E3ACB91A33A04D008272D0 /* bg_white.jpg in Resources */,
				12C274F91A2D049F003A6D7B /* MusicPlayerBar.xib in Resources */,
				12E3ACB51A3356E5008272D0 /* icn_navbar@3x.png in Resources */,
				12CEFA841A34EEDC000C2C8B /* icn_player_play.png in Resources */,
				12E3ACB41A3356E5008272D0 /* icn_navbar@2x.png in Resources */,
				12D722CC1A347D8200EE1DC0 /* icn_more.png in Resources */,
			);
			runOnlyForDeploymentPostprocessing = 0;
		};
		125BA87F1A2B46500009E089 /* Resources */ = {
			isa = PBXResourcesBuildPhase;
			buildActionMask = 2147483647;
			files = (
			);
			runOnlyForDeploymentPostprocessing = 0;
		};
/* End PBXResourcesBuildPhase section */

/* Begin PBXShellScriptBuildPhase section */
		A5721FD176C212A46D1AFB91 /* Check Pods Manifest.lock */ = {
			isa = PBXShellScriptBuildPhase;
			buildActionMask = 2147483647;
			files = (
			);
			inputPaths = (
			);
			name = "Check Pods Manifest.lock";
			outputPaths = (
			);
			runOnlyForDeploymentPostprocessing = 0;
			shellPath = /bin/sh;
			shellScript = "diff \"${PODS_ROOT}/../Podfile.lock\" \"${PODS_ROOT}/Manifest.lock\" > /dev/null\nif [[ $? != 0 ]] ; then\n    cat << EOM\nerror: The sandbox is not in sync with the Podfile.lock. Run 'pod install' or update your CocoaPods installation.\nEOM\n    exit 1\nfi\n";
			showEnvVarsInLog = 0;
		};
		FBC80624FA0379D3F6FAC0D4 /* Copy Pods Resources */ = {
			isa = PBXShellScriptBuildPhase;
			buildActionMask = 2147483647;
			files = (
			);
			inputPaths = (
			);
			name = "Copy Pods Resources";
			outputPaths = (
			);
			runOnlyForDeploymentPostprocessing = 0;
			shellPath = /bin/sh;
			shellScript = "\"${SRCROOT}/Pods/Target Support Files/Pods-DJ Bot/Pods-DJ Bot-resources.sh\"\n";
			showEnvVarsInLog = 0;
		};
/* End PBXShellScriptBuildPhase section */

/* Begin PBXSourcesBuildPhase section */
		125BA8651A2B46500009E089 /* Sources */ = {
			isa = PBXSourcesBuildPhase;
			buildActionMask = 2147483647;
			files = (
				12C274F71A2D03B4003A6D7B /* MusicPlayerBar.swift in Sources */,
				12D164DD1A4702140035CB5D /* MobileServiceClient.swift in Sources */,
				12E3ACA41A33340B008272D0 /* GenreCollectionCell.swift in Sources */,
				125BA89F1A2B4D5C0009E089 /* BotTrack.swift in Sources */,
				12E3ACA81A334BD9008272D0 /* UIImageExtension.swift in Sources */,
				125BA8A31A2B51620009E089 /* StringExtension.swift in Sources */,
				12E3ACA61A33406C008272D0 /* UIColorExtension.swift in Sources */,
				12CEB1451A2E689300A4AED0 /* ArrayExtension.swift in Sources */,
				12C274FB1A2D06AE003A6D7B /* MusicBarNavigationController.swift in Sources */,
				12E3ACA21A33317A008272D0 /* GenreCollectionViewController.swift in Sources */,
				12CEFA641A34E519000C2C8B /* UINavigationBarExtension.swift in Sources */,
				125BA89D1A2B4D500009E089 /* BotPlaylist.swift in Sources */,
				12D722BB1A346AB000EE1DC0 /* PlaylistTrackCell.swift in Sources */,
				125BA8A51A2B54CC0009E089 /* DateExtension.swift in Sources */,
				12CA2A421A2E4B66006EEAC4 /* MusicPlayerViewController.swift in Sources */,
				125BA8951A2B472F0009E089 /* CalendarViewController.swift in Sources */,
				125BA8A81A2BAB920009E089 /* PlaylistViewController.swift in Sources */,
				125BA86F1A2B46500009E089 /* AppDelegate.swift in Sources */,
				127C56271A2C4F7600537018 /* TodayCell.swift in Sources */,
				12CA2A471A2E561D006EEAC4 /* MusicPlaybackController.swift in Sources */,
				125BA8721A2B46500009E089 /* DJ_Bot.xcdatamodeld in Sources */,
				127C56291A2C4FBE00537018 /* DayCell.swift in Sources */,
				125BA89B1A2B4D470009E089 /* BotDay.swift in Sources */,
			);
			runOnlyForDeploymentPostprocessing = 0;
		};
		125BA87D1A2B46500009E089 /* Sources */ = {
			isa = PBXSourcesBuildPhase;
			buildActionMask = 2147483647;
			files = (
				125BA8881A2B46500009E089 /* DJ_BotTests.swift in Sources */,
			);
			runOnlyForDeploymentPostprocessing = 0;
		};
/* End PBXSourcesBuildPhase section */

/* Begin PBXTargetDependency section */
		125BA8831A2B46500009E089 /* PBXTargetDependency */ = {
			isa = PBXTargetDependency;
			target = 125BA8681A2B46500009E089 /* DJ Bot */;
			targetProxy = 125BA8821A2B46500009E089 /* PBXContainerItemProxy */;
		};
/* End PBXTargetDependency section */

/* Begin PBXVariantGroup section */
		125BA8751A2B46500009E089 /* Main.storyboard */ = {
			isa = PBXVariantGroup;
			children = (
				125BA8761A2B46500009E089 /* Base */,
			);
			name = Main.storyboard;
			sourceTree = "<group>";
		};
		125BA87A1A2B46500009E089 /* LaunchScreen.xib */ = {
			isa = PBXVariantGroup;
			children = (
				125BA87B1A2B46500009E089 /* Base */,
			);
			name = LaunchScreen.xib;
			sourceTree = "<group>";
		};
/* End PBXVariantGroup section */

/* Begin XCBuildConfiguration section */
		125BA8891A2B46500009E089 /* Debug */ = {
			isa = XCBuildConfiguration;
			buildSettings = {
				ALWAYS_SEARCH_USER_PATHS = NO;
				CLANG_CXX_LANGUAGE_STANDARD = "gnu++0x";
				CLANG_CXX_LIBRARY = "libc++";
				CLANG_ENABLE_MODULES = YES;
				CLANG_ENABLE_OBJC_ARC = YES;
				CLANG_WARN_BOOL_CONVERSION = YES;
				CLANG_WARN_CONSTANT_CONVERSION = YES;
				CLANG_WARN_DIRECT_OBJC_ISA_USAGE = YES_ERROR;
				CLANG_WARN_EMPTY_BODY = YES;
				CLANG_WARN_ENUM_CONVERSION = YES;
				CLANG_WARN_INT_CONVERSION = YES;
				CLANG_WARN_OBJC_ROOT_CLASS = YES_ERROR;
				CLANG_WARN_UNREACHABLE_CODE = YES;
				CLANG_WARN__DUPLICATE_METHOD_MATCH = YES;
				"CODE_SIGN_IDENTITY[sdk=iphoneos*]" = "iPhone Developer";
				COPY_PHASE_STRIP = NO;
				ENABLE_STRICT_OBJC_MSGSEND = YES;
				GCC_C_LANGUAGE_STANDARD = gnu99;
				GCC_DYNAMIC_NO_PIC = NO;
				GCC_OPTIMIZATION_LEVEL = 0;
				GCC_PREPROCESSOR_DEFINITIONS = (
					"DEBUG=1",
					"$(inherited)",
				);
				GCC_SYMBOLS_PRIVATE_EXTERN = NO;
				GCC_WARN_64_TO_32_BIT_CONVERSION = YES;
				GCC_WARN_ABOUT_RETURN_TYPE = YES_ERROR;
				GCC_WARN_UNDECLARED_SELECTOR = YES;
				GCC_WARN_UNINITIALIZED_AUTOS = YES_AGGRESSIVE;
				GCC_WARN_UNUSED_FUNCTION = YES;
				GCC_WARN_UNUSED_VARIABLE = YES;
				IPHONEOS_DEPLOYMENT_TARGET = 8.1;
				MTL_ENABLE_DEBUG_INFO = YES;
				ONLY_ACTIVE_ARCH = YES;
				SDKROOT = iphoneos;
				SWIFT_OPTIMIZATION_LEVEL = "-Onone";
			};
			name = Debug;
		};
		125BA88A1A2B46500009E089 /* Release */ = {
			isa = XCBuildConfiguration;
			buildSettings = {
				ALWAYS_SEARCH_USER_PATHS = NO;
				CLANG_CXX_LANGUAGE_STANDARD = "gnu++0x";
				CLANG_CXX_LIBRARY = "libc++";
				CLANG_ENABLE_MODULES = YES;
				CLANG_ENABLE_OBJC_ARC = YES;
				CLANG_WARN_BOOL_CONVERSION = YES;
				CLANG_WARN_CONSTANT_CONVERSION = YES;
				CLANG_WARN_DIRECT_OBJC_ISA_USAGE = YES_ERROR;
				CLANG_WARN_EMPTY_BODY = YES;
				CLANG_WARN_ENUM_CONVERSION = YES;
				CLANG_WARN_INT_CONVERSION = YES;
				CLANG_WARN_OBJC_ROOT_CLASS = YES_ERROR;
				CLANG_WARN_UNREACHABLE_CODE = YES;
				CLANG_WARN__DUPLICATE_METHOD_MATCH = YES;
				"CODE_SIGN_IDENTITY[sdk=iphoneos*]" = "iPhone Developer";
				COPY_PHASE_STRIP = YES;
				ENABLE_NS_ASSERTIONS = NO;
				ENABLE_STRICT_OBJC_MSGSEND = YES;
				GCC_C_LANGUAGE_STANDARD = gnu99;
				GCC_WARN_64_TO_32_BIT_CONVERSION = YES;
				GCC_WARN_ABOUT_RETURN_TYPE = YES_ERROR;
				GCC_WARN_UNDECLARED_SELECTOR = YES;
				GCC_WARN_UNINITIALIZED_AUTOS = YES_AGGRESSIVE;
				GCC_WARN_UNUSED_FUNCTION = YES;
				GCC_WARN_UNUSED_VARIABLE = YES;
				IPHONEOS_DEPLOYMENT_TARGET = 8.1;
				MTL_ENABLE_DEBUG_INFO = NO;
				SDKROOT = iphoneos;
				VALIDATE_PRODUCT = YES;
			};
			name = Release;
		};
		125BA88C1A2B46500009E089 /* Debug */ = {
			isa = XCBuildConfiguration;
			baseConfigurationReference = E6526BE59B120A940FAA32EA /* Pods-DJ Bot.debug.xcconfig */;
			buildSettings = {
				ASSETCATALOG_COMPILER_APPICON_NAME = AppIcon;
				CLANG_ENABLE_MODULES = YES;
				FRAMEWORK_SEARCH_PATHS = (
					"$(inherited)",
					"/Users/jochemtoolenaar/Downloads/azuresdk-iOS-v1.2.4",
				);
				INFOPLIST_FILE = "DJ Bot/Info.plist";
				LD_RUNPATH_SEARCH_PATHS = "$(inherited) @executable_path/Frameworks";
				PRODUCT_NAME = "$(TARGET_NAME)";
				SWIFT_OBJC_BRIDGING_HEADER = "DJ Bot/DJ Bot-Bridging-Header.h";
				SWIFT_OPTIMIZATION_LEVEL = "-Onone";
			};
			name = Debug;
		};
		125BA88D1A2B46500009E089 /* Release */ = {
			isa = XCBuildConfiguration;
			baseConfigurationReference = 191BAA5C90D48DF41456BBDB /* Pods-DJ Bot.release.xcconfig */;
			buildSettings = {
				ASSETCATALOG_COMPILER_APPICON_NAME = AppIcon;
				CLANG_ENABLE_MODULES = YES;
				FRAMEWORK_SEARCH_PATHS = (
					"$(inherited)",
					"/Users/jochemtoolenaar/Downloads/azuresdk-iOS-v1.2.4",
				);
				INFOPLIST_FILE = "DJ Bot/Info.plist";
				LD_RUNPATH_SEARCH_PATHS = "$(inherited) @executable_path/Frameworks";
				PRODUCT_NAME = "$(TARGET_NAME)";
				SWIFT_OBJC_BRIDGING_HEADER = "DJ Bot/DJ Bot-Bridging-Header.h";
			};
			name = Release;
		};
		125BA88F1A2B46500009E089 /* Debug */ = {
			isa = XCBuildConfiguration;
			buildSettings = {
				BUNDLE_LOADER = "$(TEST_HOST)";
				FRAMEWORK_SEARCH_PATHS = (
					"$(SDKROOT)/Developer/Library/Frameworks",
					"$(inherited)",
				);
				GCC_PREPROCESSOR_DEFINITIONS = (
					"DEBUG=1",
					"$(inherited)",
				);
				INFOPLIST_FILE = "DJ BotTests/Info.plist";
				LD_RUNPATH_SEARCH_PATHS = "$(inherited) @executable_path/Frameworks @loader_path/Frameworks";
				PRODUCT_NAME = "$(TARGET_NAME)";
				TEST_HOST = "$(BUILT_PRODUCTS_DIR)/DJ Bot.app/DJ Bot";
			};
			name = Debug;
		};
		125BA8901A2B46500009E089 /* Release */ = {
			isa = XCBuildConfiguration;
			buildSettings = {
				BUNDLE_LOADER = "$(TEST_HOST)";
				FRAMEWORK_SEARCH_PATHS = (
					"$(SDKROOT)/Developer/Library/Frameworks",
					"$(inherited)",
				);
				INFOPLIST_FILE = "DJ BotTests/Info.plist";
				LD_RUNPATH_SEARCH_PATHS = "$(inherited) @executable_path/Frameworks @loader_path/Frameworks";
				PRODUCT_NAME = "$(TARGET_NAME)";
				TEST_HOST = "$(BUILT_PRODUCTS_DIR)/DJ Bot.app/DJ Bot";
			};
			name = Release;
		};
/* End XCBuildConfiguration section */

/* Begin XCConfigurationList section */
		125BA8641A2B46500009E089 /* Build configuration list for PBXProject "DJ Bot" */ = {
			isa = XCConfigurationList;
			buildConfigurations = (
				125BA8891A2B46500009E089 /* Debug */,
				125BA88A1A2B46500009E089 /* Release */,
			);
			defaultConfigurationIsVisible = 0;
			defaultConfigurationName = Release;
		};
		125BA88B1A2B46500009E089 /* Build configuration list for PBXNativeTarget "DJ Bot" */ = {
			isa = XCConfigurationList;
			buildConfigurations = (
				125BA88C1A2B46500009E089 /* Debug */,
				125BA88D1A2B46500009E089 /* Release */,
			);
			defaultConfigurationIsVisible = 0;
			defaultConfigurationName = Release;
		};
		125BA88E1A2B46500009E089 /* Build configuration list for PBXNativeTarget "DJ BotTests" */ = {
			isa = XCConfigurationList;
			buildConfigurations = (
				125BA88F1A2B46500009E089 /* Debug */,
				125BA8901A2B46500009E089 /* Release */,
			);
			defaultConfigurationIsVisible = 0;
			defaultConfigurationName = Release;
		};
/* End XCConfigurationList section */

/* Begin XCVersionGroup section */
		125BA8701A2B46500009E089 /* DJ_Bot.xcdatamodeld */ = {
			isa = XCVersionGroup;
			children = (
				125BA8711A2B46500009E089 /* DJ_Bot.xcdatamodel */,
			);
			currentVersion = 125BA8711A2B46500009E089 /* DJ_Bot.xcdatamodel */;
			path = DJ_Bot.xcdatamodeld;
			sourceTree = "<group>";
			versionGroupType = wrapper.xcdatamodel;
		};
/* End XCVersionGroup section */
	};
	rootObject = 125BA8611A2B46500009E089 /* Project object */;
}
